
Microsoft Visual Studio Solution File, Format Version 12.00
# Visual Studio Version 17
VisualStudioVersion = 17.6.33723.286
MinimumVisualStudioVersion = 10.0.40219.1
Project("{FAE04EC0-301F-11D3-BF4B-00C04F79EFBC}") = "EmployeeManagement", "EmployeeManagement\EmployeeManagement.csproj", "{2A33CB78-524A-469B-AB85-58FC663F728A}"
EndProject
Project("{FAE04EC0-301F-11D3-BF4B-00C04F79EFBC}") = "EmployeeManagement.Core", "EmployeeManagement.Core\EmployeeManagement.Core.csproj", "{A433F582-5167-487C-8E67-68712A8A1F18}"
EndProject
Project("{FAE04EC0-301F-11D3-BF4B-00C04F79EFBC}") = "EmployeeManagement.BL", "EmployeeManagement.BL\EmployeeManagement.BL.csproj", "{922A7287-02A4-4EB6-B5F7-5D15397623D1}"
EndProject
Project("{FAE04EC0-301F-11D3-BF4B-00C04F79EFBC}") = "EmployeeManagement.DAL", "EmployeeManagement.DAL\EmployeeManagement.DAL.csproj", "{8DD0E68D-9015-48CC-A26A-8FEDC0D22BA4}"
EndProject
Global
	GlobalSection(SolutionConfigurationPlatforms) = preSolution
		Debug|Any CPU = Debug|Any CPU
		Release|Any CPU = Release|Any CPU
	EndGlobalSection
	GlobalSection(ProjectConfigurationPlatforms) = postSolution
		{2A33CB78-524A-469B-AB85-58FC663F728A}.Debug|Any CPU.ActiveCfg = Debug|Any CPU
		{2A33CB78-524A-469B-AB85-58FC663F728A}.Debug|Any CPU.Build.0 = Debug|Any CPU
		{2A33CB78-524A-469B-AB85-58FC663F728A}.Release|Any CPU.ActiveCfg = Release|Any CPU
		{2A33CB78-524A-469B-AB85-58FC663F728A}.Release|Any CPU.Build.0 = Release|Any CPU
		{A433F582-5167-487C-8E67-68712A8A1F18}.Debug|Any CPU.ActiveCfg = Debug|Any CPU
		{A433F582-5167-487C-8E67-68712A8A1F18}.Debug|Any CPU.Build.0 = Debug|Any CPU
		{A433F582-5167-487C-8E67-68712A8A1F18}.Release|Any CPU.ActiveCfg = Release|Any CPU
		{A433F582-5167-487C-8E67-68712A8A1F18}.Release|Any CPU.Build.0 = Release|Any CPU
		{922A7287-02A4-4EB6-B5F7-5D15397623D1}.Debug|Any CPU.ActiveCfg = Debug|Any CPU
		{922A7287-02A4-4EB6-B5F7-5D15397623D1}.Debug|Any CPU.Build.0 = Debug|Any CPU
		{922A7287-02A4-4EB6-B5F7-5D15397623D1}.Release|Any CPU.ActiveCfg = Release|Any CPU
		{922A7287-02A4-4EB6-B5F7-5D15397623D1}.Release|Any CPU.Build.0 = Release|Any CPU
		{8DD0E68D-9015-48CC-A26A-8FEDC0D22BA4}.Debug|Any CPU.ActiveCfg = Debug|Any CPU
		{8DD0E68D-9015-48CC-A26A-8FEDC0D22BA4}.Debug|Any CPU.Build.0 = Debug|Any CPU
		{8DD0E68D-9015-48CC-A26A-8FEDC0D22BA4}.Release|Any CPU.ActiveCfg = Release|Any CPU
		{8DD0E68D-9015-48CC-A26A-8FEDC0D22BA4}.Release|Any CPU.Build.0 = Release|Any CPU
	EndGlobalSection
	GlobalSection(SolutionProperties) = preSolution
		HideSolutionNode = FALSE
	EndGlobalSection
	GlobalSection(ExtensibilityGlobals) = postSolution
		SolutionGuid = {2B37A05C-166F-4DBA-BB24-DCC53223763B}
	EndGlobalSection
EndGlobal
